
Microsoft Visual Studio Solution File, Format Version 12.00
# Visual Studio Version 16
VisualStudioVersion = 16.0.29123.88
MinimumVisualStudioVersion = 10.0.40219.1
Project("{888888A0-9F3D-457C-B088-3A5042F75D52}") = "Project Euler", "Project Euler\Project Euler.pyproj", "{3EAC25D0-14FC-43CA-AAC0-4F0546F9A57B}"
EndProject
Global
	GlobalSection(SolutionConfigurationPlatforms) = preSolution
		Debug|Any CPU = Debug|Any CPU
		Release|Any CPU = Release|Any CPU
	EndGlobalSection
	GlobalSection(ProjectConfigurationPlatforms) = postSolution
		{3EAC25D0-14FC-43CA-AAC0-4F0546F9A57B}.Debug|Any CPU.ActiveCfg = Debug|Any CPU
		{3EAC25D0-14FC-43CA-AAC0-4F0546F9A57B}.Release|Any CPU.ActiveCfg = Release|Any CPU
	EndGlobalSection
	GlobalSection(SolutionProperties) = preSolution
		HideSolutionNode = FALSE
	EndGlobalSection
	GlobalSection(ExtensibilityGlobals) = postSolution
		SolutionGuid = {38D84820-74D4-4B42-8EE8-C787C2E5B096}
	EndGlobalSection
EndGlobal
